Microsoft Visual Studio Solution File, Format Version 12.00
# Visual Studio Version 17
VisualStudioVersion = 17.13.35825.156
MinimumVisualStudioVersion = 10.0.40219.1
Project("{FAE04EC0-301F-11D3-BF4B-00C04F79EFBC}") = "Api", "Api\Api.csproj", "{04AD9C2F-3D98-44C2-AF44-216EDC293912}"
EndProject
Project("{FAE04EC0-301F-11D3-BF4B-00C04F79EFBC}") = "Domain", "Domain\Domain.csproj", "{E5E9C2AA-BA13-43A8-92E8-82FF16A7A001}"
EndProject
Project("{FAE04EC0-301F-11D3-BF4B-00C04F79EFBC}") = "Services", "Services\Services.csproj", "{FB3EDD62-4613-4CB8-A216-47DA0AFF8AE4}"
EndProject
Project("{FAE04EC0-301F-11D3-BF4B-00C04F79EFBC}") = "Infrastructure", "Infrastructure\Infrastructure.csproj", "{B07114B6-BA5B-40C8-99F3-3110FD4C0003}"
EndProject
Project("{FAE04EC0-301F-11D3-BF4B-00C04F79EFBC}") = "Tests", "Tests\Tests.csproj", "{5C7EBCB3-85F0-4F01-9870-96D82A31287A}"
EndProject
Global
	GlobalSection(SolutionConfigurationPlatforms) = preSolution
		Debug|Any CPU = Debug|Any CPU
		Release|Any CPU = Release|Any CPU
	EndGlobalSection
	GlobalSection(ProjectConfigurationPlatforms) = postSolution
		{04AD9C2F-3D98-44C2-AF44-216EDC293912}.Debug|Any CPU.ActiveCfg = Debug|Any CPU
		{04AD9C2F-3D98-44C2-AF44-216EDC293912}.Debug|Any CPU.Build.0 = Debug|Any CPU
		{04AD9C2F-3D98-44C2-AF44-216EDC293912}.Release|Any CPU.ActiveCfg = Release|Any CPU
		{04AD9C2F-3D98-44C2-AF44-216EDC293912}.Release|Any CPU.Build.0 = Release|Any CPU
		{E5E9C2AA-BA13-43A8-92E8-82FF16A7A001}.Debug|Any CPU.ActiveCfg = Debug|Any CPU
		{E5E9C2AA-BA13-43A8-92E8-82FF16A7A001}.Debug|Any CPU.Build.0 = Debug|Any CPU
		{E5E9C2AA-BA13-43A8-92E8-82FF16A7A001}.Release|Any CPU.ActiveCfg = Release|Any CPU
		{E5E9C2AA-BA13-43A8-92E8-82FF16A7A001}.Release|Any CPU.Build.0 = Release|Any CPU
		{FB3EDD62-4613-4CB8-A216-47DA0AFF8AE4}.Debug|Any CPU.ActiveCfg = Debug|Any CPU
		{FB3EDD62-4613-4CB8-A216-47DA0AFF8AE4}.Debug|Any CPU.Build.0 = Debug|Any CPU
		{FB3EDD62-4613-4CB8-A216-47DA0AFF8AE4}.Release|Any CPU.ActiveCfg = Release|Any CPU
		{FB3EDD62-4613-4CB8-A216-47DA0AFF8AE4}.Release|Any CPU.Build.0 = Release|Any CPU
		{B07114B6-BA5B-40C8-99F3-3110FD4C0003}.Debug|Any CPU.ActiveCfg = Debug|Any CPU
		{B07114B6-BA5B-40C8-99F3-3110FD4C0003}.Debug|Any CPU.Build.0 = Debug|Any CPU
		{B07114B6-BA5B-40C8-99F3-3110FD4C0003}.Release|Any CPU.ActiveCfg = Release|Any CPU
		{B07114B6-BA5B-40C8-99F3-3110FD4C0003}.Release|Any CPU.Build.0 = Release|Any CPU
		{5C7EBCB3-85F0-4F01-9870-96D82A31287A}.Debug|Any CPU.ActiveCfg = Debug|Any CPU
		{5C7EBCB3-85F0-4F01-9870-96D82A31287A}.Debug|Any CPU.Build.0 = Debug|Any CPU
		{5C7EBCB3-85F0-4F01-9870-96D82A31287A}.Release|Any CPU.ActiveCfg = Release|Any CPU
		{5C7EBCB3-85F0-4F01-9870-96D82A31287A}.Release|Any CPU.Build.0 = Release|Any CPU
	EndGlobalSection
	GlobalSection(SolutionProperties) = preSolution
		HideSolutionNode = FALSE
	EndGlobalSection
	GlobalSection(ExtensibilityGlobals) = postSolution
		SolutionGuid = {8C82C0DE-9D6D-49C8-80B9-55B75C008DCF}
	EndGlobalSection
EndGlobal
